<Solution>
  <Folder Name="/src/Core/">
    <Project Path="src/Core/Wyrd.Ecs/Wyrd.Ecs.csproj" />
    <Project Path="src/Core/Wyrd.Ecs.Tests/Wyrd.Ecs.Tests.csproj" />
    <Project Path="src/Core/Wyrd.Ecs.InternalGenerators/Wyrd.Ecs.InternalGenerators.csproj" />
    <Project Path="src/Core/Wyrd.Ecs.InternalGenerators.Tests/Wyrd.Ecs.InternalGenerators.Tests.csproj" />
    <Project Path="src/Core/Wyrd.Ecs.Generators/Wyrd.Ecs.Generators.csproj" />
    <Project Path="src/Core/Wyrd.Ecs.Generators.Tests/Wyrd.Ecs.Generators.Tests.csproj" />
  </Folder>
  <Folder Name="/src/Persistence/">
    <Project Path="src/Persistence/Wyrd.Ecs.Persistence/Wyrd.Ecs.Persistence.csproj" />
    <Project Path="src/Persistence/Wyrd.Ecs.Persistence.Tests/Wyrd.Ecs.Persistence.Tests.csproj" />
    <Project Path="src/Persistence/Wyrd.Ecs.Persistence.Generators/Wyrd.Ecs.Persistence.Generators.csproj" />
    <Project Path="src/Persistence/Wyrd.Ecs.Persistence.Generators.Tests/Wyrd.Ecs.Persistence.Generators.Tests.csproj" />
  </Folder>
  <Folder Name="/src/Persistence/Binary/">
    <Project Path="src/Persistence/Binary/Wyrd.Ecs.Persistence.Binary/Wyrd.Ecs.Persistence.Binary.csproj" />
    <Project Path="src/Persistence/Binary/Wyrd.Ecs.Persistence.Binary.Tests/Wyrd.Ecs.Persistence.Binary.Tests.csproj" />
    <Project Path="src/Persistence/Binary/Wyrd.Ecs.Persistence.Binary.Generators/Wyrd.Ecs.Persistence.Binary.Generators.csproj" />
    <Project Path="src/Persistence/Binary/Wyrd.Ecs.Persistence.Binary.Generators.Tests/Wyrd.Ecs.Persistence.Binary.Generators.Tests.csproj" />
    <Project Path="src/Persistence/Binary/Wyrd.Ecs.Persistence.Binary.AotSmokeTest/Wyrd.Ecs.Persistence.Binary.AotSmokeTest.csproj" />
  </Folder>
  <Folder Name="/src/Persistence/Json/">
    <Project Path="src/Persistence/Json/Wyrd.Ecs.Persistence.Json/Wyrd.Ecs.Persistence.Json.csproj" />
    <Project Path="src/Persistence/Json/Wyrd.Ecs.Persistence.Json.Tests/Wyrd.Ecs.Persistence.Json.Tests.csproj" />
    <Project Path="src/Persistence/Json/Wyrd.Ecs.Persistence.Json.Generators/Wyrd.Ecs.Persistence.Json.Generators.csproj" />
    <Project Path="src/Persistence/Json/Wyrd.Ecs.Persistence.Json.Generators.Tests/Wyrd.Ecs.Persistence.Json.Generators.Tests.csproj" />
  </Folder>
  <Folder Name="/src/Persistence/Continuous/">
    <Project Path="src/Persistence/Continuous/Wyrd.Ecs.Persistence.Continuous/Wyrd.Ecs.Persistence.Continuous.csproj" />
    <Project Path="src/Persistence/Continuous/Wyrd.Ecs.Persistence.Continuous.Tests/Wyrd.Ecs.Persistence.Continuous.Tests.csproj" />
  </Folder>
  <Folder Name="/src/Debug/">
    <Project Path="src/Debug/Wyrd.Ecs.Debug/Wyrd.Ecs.Debug.csproj" />
    <Project Path="src/Debug/Wyrd.Ecs.Debug.Tests/Wyrd.Ecs.Debug.Tests.csproj" />
    <Project Path="src/Debug/Wyrd.Ecs.Debug.Generators/Wyrd.Ecs.Debug.Generators.csproj" />
    <Project Path="src/Debug/Wyrd.Ecs.Debug.Generators.Tests/Wyrd.Ecs.Debug.Generators.Tests.csproj" />
    <Project Path="src/Debug/Wyrd.Ecs.Debug.Abstractions/Wyrd.Ecs.Debug.Abstractions.csproj" />
    <Project Path="src/Debug/Wyrd.Ecs.Debug.Abstractions.Tests/Wyrd.Ecs.Debug.Abstractions.Tests.csproj" />
  </Folder>
  <Folder Name="/benchmarks/">
    <Project Path="benchmarks/Wyrd.Ecs.Benchmarks/Wyrd.Ecs.Benchmarks.csproj" />
  </Folder>
</Solution>
