{
  "version": 1,
  "dependencies": {
    "net10.0": {
      "Microsoft.Extensions.FileProviders.Embedded": {
        "type": "Direct",
        "requested": "[10.0.0, )",
        "resolved": "10.0.0",
        "contentHash": "ECaTMB4NdV9W1es9J6tN0yoXRPUHKMi5+2L7hcVZ5k9zVdxccIx6+vMllwEYcdTaO0mCETEmdH4F0KxCqgnPaw==",
        "dependencies": {
          "Microsoft.Extensions.FileProviders.Abstractions": "10.0.0"
        }
      },
      "TypeGen": {
        "type": "Direct",
        "requested": "[7.0.0, )",
        "resolved": "7.0.0",
        "contentHash": "Wa75efpUNY/S16fQyjq0z96AL1JlqR6J76PjbRuSlI/1/YWEUN1HvUR9fZX69Qe4MDHDRK4Yn7NvbYmZXLMzaA=="
      },
      "Microsoft.Extensions.FileProviders.Abstractions": {
        "type": "Transitive",
        "resolved": "10.0.0",
        "contentHash": "/ppSdehKk3fuXjlqCDgSOtjRK/pSHU8eWgzSHfHdwVm5BP4Dgejehkw+PtxKG2j98qTDEHDst2Y99aNsmJldmw==",
        "dependencies": {
          "Microsoft.Extensions.Primitives": "10.0.0"
        }
      },
      "Microsoft.Extensions.Primitives": {
        "type": "Transitive",
        "resolved": "10.0.0",
        "contentHash": "inRnbpCS0nwO/RuoZIAqxQUuyjaknOOnCEZB55KSMMjRhl0RQDttSmLSGsUJN3RQ3ocf5NDLFd2mOQViHqMK5w=="
      },
      "System.IO.Hashing": {
        "type": "Transitive",
        "resolved": "9.0.0",
        "contentHash": "seeO8icDfED/Qwl9PDFUx2Gf/7xv7dPsMnw5PnRwNZuz4EWMpy0wIVohC4MfCcTIoJgp+KUrWG4WH3NPSusQOA=="
      },
      "wyrd.ecs": {
        "type": "Project"
      },
      "wyrd.ecs.debug.abstractions": {
        "type": "Project",
        "dependencies": {
          "Wyrd.Ecs": "[0.1.0-alpha, )"
        }
      },
      "wyrd.ecs.persistence": {
        "type": "Project",
        "dependencies": {
          "System.IO.Hashing": "[9.0.0, )",
          "Wyrd.Ecs": "[0.1.0-alpha, )"
        }
      },
      "wyrd.ecs.persistence.json": {
        "type": "Project",
        "dependencies": {
          "Wyrd.Ecs": "[0.1.0-alpha, )",
          "Wyrd.Ecs.Persistence": "[0.1.0-alpha, )"
        }
      }
    }
  }
}